{
  "name": "components",
  "lockfileVersion": 2,
  "requires": true,
  "packages": {
    "": {
      "dependencies": {
        "immutable": "^4.3.0",
        "redux-immutable": "^4.0.0"
      }
    },
    "node_modules/immutable": {
      "version": "4.3.0",
      "resolved": "https://registry.npmjs.org/immutable/-/immutable-4.3.0.tgz",
      "integrity": "sha512-0AOCmOip+xgJwEVTQj1EfiDDOkPmuyllDuTuEX+DDXUgapLAsBIfkg3sxCYyCEA8mQqZrrxPUGjcOQ2JS3WLkg=="
    },
    "node_modules/redux-immutable": {
      "version": "4.0.0",
      "resolved": "https://registry.npmjs.org/redux-immutable/-/redux-immutable-4.0.0.tgz",
      "integrity": "sha512-SchSn/DWfGb3oAejd+1hhHx01xUoxY+V7TeK0BKqpkLKiQPVFf7DYzEaKmrEVxsWxielKfSK9/Xq66YyxgR1cg==",
      "peerDependencies": {
        "immutable": "^3.8.1 || ^4.0.0-rc.1"
      }
    }
  },
  "dependencies": {
    "immutable": {
      "version": "4.3.0",
      "resolved": "https://registry.npmjs.org/immutable/-/immutable-4.3.0.tgz",
      "integrity": "sha512-0AOCmOip+xgJwEVTQj1EfiDDOkPmuyllDuTuEX+DDXUgapLAsBIfkg3sxCYyCEA8mQqZrrxPUGjcOQ2JS3WLkg=="
    },
    "redux-immutable": {
      "version": "4.0.0",
      "resolved": "https://registry.npmjs.org/redux-immutable/-/redux-immutable-4.0.0.tgz",
      "integrity": "sha512-SchSn/DWfGb3oAejd+1hhHx01xUoxY+V7TeK0BKqpkLKiQPVFf7DYzEaKmrEVxsWxielKfSK9/Xq66YyxgR1cg==",
      "requires": {}
    }
  }
}
